# THIS IS AN AUTOGENERATED FILE. DO NOT EDIT THIS FILE DIRECTLY.
# yarn lockfile v1


jQuery@^1.7.4:
  version "1.7.4"
  resolved "https://registry.npmmirror.com/jQuery/-/jQuery-1.7.4.tgz#f32dc5c85a7044ee864b4443b9ee45f9478ba137"
  integrity sha512-hf/hWBnkFhu4FzP96tBjZNPF9qTcUaOKFA8hpVJX0Cb/892JefRzoVGCe/vkmry/pOhZiK6VnQvnuV8CoHf1rA==
